// !$*UTF8*$!
{
	archiveVersion = 1;
	classes = {
	};
	objectVersion = 46;
	objects = {

/* Begin PBXBuildFile section */
		0811A0F91A80AE4A007A272B /* main.m in Sources */ = {isa = PBXBuildFile; fileRef = 0811A0F81A80AE4A007A272B /* main.m */; };
		0811A0FC1A80AE4A007A272B /* AppDelegate.m in Sources */ = {isa = PBXBuildFile; fileRef = 0811A0FB1A80AE4A007A272B /* AppDelegate.m */; };
		0811A0FF1A80AE4A007A272B /* ViewController.m in Sources */ = {isa = PBXBuildFile; fileRef = 0811A0FE1A80AE4A007A272B /* ViewController.m */; };
		0811A1021A80AE4A007A272B /* Main.storyboard in Resources */ = {isa = PBXBuildFile; fileRef = 0811A1001A80AE4A007A272B /* Main.storyboard */; };
		0811A1041A80AE4A007A272B /* Images.xcassets in Resources */ = {isa = PBXBuildFile; fileRef = 0811A1031A80AE4A007A272B /* Images.xcassets */; };
		0811A1071A80AE4A007A272B /* LaunchScreen.xib in Resources */ = {isa = PBXBuildFile; fileRef = 0811A1051A80AE4A007A272B /* LaunchScreen.xib */; };
		0811A1131A80AE4A007A272B /* WWDPickerViewTests.m in Sources */ = {isa = PBXBuildFile; fileRef = 0811A1121A80AE4A007A272B /* WWDPickerViewTests.m */; };
		0811A11F1A80AF19007A272B /* WWDPickerViewWindow.m in Sources */ = {isa = PBXBuildFile; fileRef = 0811A11E1A80AF19007A272B /* WWDPickerViewWindow.m */; };
		0811A1231A80B808007A272B /* WWDPickerView.m in Sources */ = {isa = PBXBuildFile; fileRef = 0811A1221A80B808007A272B /* WWDPickerView.m */; };
/* End PBXBuildFile section */

/* Begin PBXContainerItemProxy section */
		0811A10D1A80AE4A007A272B /* PBXContainerItemProxy */ = {
			isa = PBXContainerItemProxy;
			containerPortal = 0811A0EB1A80AE4A007A272B /* Project object */;
			proxyType = 1;
			remoteGlobalIDString = 0811A0F21A80AE4A007A272B;
			remoteInfo = WWDPickerView;
		};
/* End PBXContainerItemProxy section */

/* Begin PBXFileReference section */
		0811A0F31A80AE4A007A272B /* WWDPickerView.app */ = {isa = PBXFileReference; explicitFileType = wrapper.application; includeInIndex = 0; path = WWDPickerView.app; sourceTree = BUILT_PRODUCTS_DIR; };
		0811A0F71A80AE4A007A272B /* Info.plist */ = {isa = PBXFileReference; lastKnownFileType = text.plist.xml; path = Info.plist; sourceTree = "<group>"; };
		0811A0F81A80AE4A007A272B /* main.m */ = {isa = PBXFileReference; lastKnownFileType = sourcecode.c.objc; path = main.m; sourceTree = "<group>"; };
		0811A0FA1A80AE4A007A272B /* AppDelegate.h */ = {isa = PBXFileReference; lastKnownFileType = sourcecode.c.h; path = AppDelegate.h; sourceTree = "<group>"; };
		0811A0FB1A80AE4A007A272B /* AppDelegate.m */ = {isa = PBXFileReference; lastKnownFileType = sourcecode.c.objc; path = AppDelegate.m; sourceTree = "<group>"; };
		0811A0FD1A80AE4A007A272B /* ViewController.h */ = {isa = PBXFileReference; lastKnownFileType = sourcecode.c.h; path = ViewController.h; sourceTree = "<group>"; };
		0811A0FE1A80AE4A007A272B /* ViewController.m */ = {isa = PBXFileReference; lastKnownFileType = sourcecode.c.objc; path = ViewController.m; sourceTree = "<group>"; };
		0811A1011A80AE4A007A272B /* Base */ = {isa = PBXFileReference; lastKnownFileType = file.storyboard; name = Base; path = Base.lproj/Main.storyboard; sourceTree = "<group>"; };
		0811A1031A80AE4A007A272B /* Images.xcassets */ = {isa = PBXFileReference; lastKnownFileType = folder.assetcatalog; path = Images.xcassets; sourceTree = "<group>"; };
		0811A1061A80AE4A007A272B /* Base */ = {isa = PBXFileReference; lastKnownFileType = file.xib; name = Base; path = Base.lproj/LaunchScreen.xib; sourceTree = "<group>"; };
		0811A10C1A80AE4A007A272B /* WWDPickerViewTests.xctest */ = {isa = PBXFileReference; explicitFileType = wrapper.cfbundle; includeInIndex = 0; path = WWDPickerViewTests.xctest; sourceTree = BUILT_PRODUCTS_DIR; };
		0811A1111A80AE4A007A272B /* Info.plist */ = {isa = PBXFileReference; lastKnownFileType = text.plist.xml; path = Info.plist; sourceTree = "<group>"; };
		0811A1121A80AE4A007A272B /* WWDPickerViewTests.m */ = {isa = PBXFileReference; lastKnownFileType = sourcecode.c.objc; path = WWDPickerViewTests.m; sourceTree = "<group>"; };
		0811A11D1A80AF19007A272B /* WWDPickerViewWindow.h */ = {isa = PBXFileReference; fileEncoding = 4; lastKnownFileType = sourcecode.c.h; path = WWDPickerViewWindow.h; sourceTree = "<group>"; };
		0811A11E1A80AF19007A272B /* WWDPickerViewWindow.m */ = {isa = PBXFileReference; fileEncoding = 4; lastKnownFileType = sourcecode.c.objc; path = WWDPickerViewWindow.m; sourceTree = "<group>"; };
		0811A1211A80B808007A272B /* WWDPickerView.h */ = {isa = PBXFileReference; fileEncoding = 4; lastKnownFileType = sourcecode.c.h; path = WWDPickerView.h; sourceTree = "<group>"; };
		0811A1221A80B808007A272B /* WWDPickerView.m */ = {isa = PBXFileReference; fileEncoding = 4; lastKnownFileType = sourcecode.c.objc; path = WWDPickerView.m; sourceTree = "<group>"; };
/* End PBXFileReference section */

/* Begin PBXFrameworksBuildPhase section */
		0811A0F01A80AE4A007A272B /* Frameworks */ = {
			isa = PBXFrameworksBuildPhase;
			buildActionMask = 2147483647;
			files = (
			);
			runOnlyForDeploymentPostprocessing = 0;
		};
		0811A1091A80AE4A007A272B /* Frameworks */ = {
			isa = PBXFrameworksBuildPhase;
			buildActionMask = 2147483647;
			files = (
			);
			runOnlyForDeploymentPostprocessing = 0;
		};
/* End PBXFrameworksBuildPhase section */

/* Begin PBXGroup section */
		0811A0EA1A80AE4A007A272B = {
			isa = PBXGroup;
			children = (
				0811A0F51A80AE4A007A272B /* WWDPickerView */,
				0811A10F1A80AE4A007A272B /* WWDPickerViewTests */,
				0811A0F41A80AE4A007A272B /* Products */,
			);
			sourceTree = "<group>";
		};
		0811A0F41A80AE4A007A272B /* Products */ = {
			isa = PBXGroup;
			children = (
				0811A0F31A80AE4A007A272B /* WWDPickerView.app */,
				0811A10C1A80AE4A007A272B /* WWDPickerViewTests.xctest */,
			);
			name = Products;
			sourceTree = "<group>";
		};
		0811A0F51A80AE4A007A272B /* WWDPickerView */ = {
			isa = PBXGroup;
			children = (
				0811A1201A80B7F0007A272B /* WWDPickerView */,
				0811A11C1A80AEC3007A272B /* PickerViewWindow */,
				0811A0FA1A80AE4A007A272B /* AppDelegate.h */,
				0811A0FB1A80AE4A007A272B /* AppDelegate.m */,
				0811A0FD1A80AE4A007A272B /* ViewController.h */,
				0811A0FE1A80AE4A007A272B /* ViewController.m */,
				0811A1001A80AE4A007A272B /* Main.storyboard */,
				0811A1031A80AE4A007A272B /* Images.xcassets */,
				0811A1051A80AE4A007A272B /* LaunchScreen.xib */,
				0811A0F61A80AE4A007A272B /* Supporting Files */,
			);
			path = WWDPickerView;
			sourceTree = "<group>";
		};
		0811A0F61A80AE4A007A272B /* Supporting Files */ = {
			isa = PBXGroup;
			children = (
				0811A0F71A80AE4A007A272B /* Info.plist */,
				0811A0F81A80AE4A007A272B /* main.m */,
			);
			name = "Supporting Files";
			sourceTree = "<group>";
		};
		0811A10F1A80AE4A007A272B /* WWDPickerViewTests */ = {
			isa = PBXGroup;
			children = (
				0811A1121A80AE4A007A272B /* WWDPickerViewTests.m */,
				0811A1101A80AE4A007A272B /* Supporting Files */,
			);
			path = WWDPickerViewTests;
			sourceTree = "<group>";
		};
		0811A1101A80AE4A007A272B /* Supporting Files */ = {
			isa = PBXGroup;
			children = (
				0811A1111A80AE4A007A272B /* Info.plist */,
			);
			name = "Supporting Files";
			sourceTree = "<group>";
		};
		0811A11C1A80AEC3007A272B /* PickerViewWindow */ = {
			isa = PBXGroup;
			children = (
				0811A11D1A80AF19007A272B /* WWDPickerViewWindow.h */,
				0811A11E1A80AF19007A272B /* WWDPickerViewWindow.m */,
			);
			name = PickerViewWindow;
			sourceTree = "<group>";
		};
		0811A1201A80B7F0007A272B /* WWDPickerView */ = {
			isa = PBXGroup;
			children = (
				0811A1211A80B808007A272B /* WWDPickerView.h */,
				0811A1221A80B808007A272B /* WWDPickerView.m */,
			);
			name = WWDPickerView;
			sourceTree = "<group>";
		};
/* End PBXGroup section */

/* Begin PBXNativeTarget section */
		0811A0F21A80AE4A007A272B /* WWDPickerView */ = {
			isa = PBXNativeTarget;
			buildConfigurationList = 0811A1161A80AE4A007A272B /* Build configuration list for PBXNativeTarget "WWDPickerView" */;
			buildPhases = (
				0811A0EF1A80AE4A007A272B /* Sources */,
				0811A0F01A80AE4A007A272B /* Frameworks */,
				0811A0F11A80AE4A007A272B /* Resources */,
			);
			buildRules = (
			);
			dependencies = (
			);
			name = WWDPickerView;
			productName = WWDPickerView;
			productReference = 0811A0F31A80AE4A007A272B /* WWDPickerView.app */;
			productType = "com.apple.product-type.application";
		};
		0811A10B1A80AE4A007A272B /* WWDPickerViewTests */ = {
			isa = PBXNativeTarget;
			buildConfigurationList = 0811A1191A80AE4A007A272B /* Build configuration list for PBXNativeTarget "WWDPickerViewTests" */;
			buildPhases = (
				0811A1081A80AE4A007A272B /* Sources */,
				0811A1091A80AE4A007A272B /* Frameworks */,
				0811A10A1A80AE4A007A272B /* Resources */,
			);
			buildRules = (
			);
			dependencies = (
				0811A10E1A80AE4A007A272B /* PBXTargetDependency */,
			);
			name = WWDPickerViewTests;
			productName = WWDPickerViewTests;
			productReference = 0811A10C1A80AE4A007A272B /* WWDPickerViewTests.xctest */;
			productType = "com.apple.product-type.bundle.unit-test";
		};
/* End PBXNativeTarget section */

/* Begin PBXProject section */
		0811A0EB1A80AE4A007A272B /* Project object */ = {
			isa = PBXProject;
			attributes = {
				LastUpgradeCheck = 0610;
				ORGANIZATIONNAME = mycj.wwd;
				TargetAttributes = {
					0811A0F21A80AE4A007A272B = {
						CreatedOnToolsVersion = 6.1.1;
					};
					0811A10B1A80AE4A007A272B = {
						CreatedOnToolsVersion = 6.1.1;
						TestTargetID = 0811A0F21A80AE4A007A272B;
					};
				};
			};
			buildConfigurationList = 0811A0EE1A80AE4A007A272B /* Build configuration list for PBXProject "WWDPickerView" */;
			compatibilityVersion = "Xcode 3.2";
			developmentRegion = English;
			hasScannedForEncodings = 0;
			knownRegions = (
				en,
				Base,
			);
			mainGroup = 0811A0EA1A80AE4A007A272B;
			productRefGroup = 0811A0F41A80AE4A007A272B /* Products */;
			projectDirPath = "";
			projectRoot = "";
			targets = (
				0811A0F21A80AE4A007A272B /* WWDPickerView */,
				0811A10B1A80AE4A007A272B /* WWDPickerViewTests */,
			);
		};
/* End PBXProject section */

/* Begin PBXResourcesBuildPhase section */
		0811A0F11A80AE4A007A272B /* Resources */ = {
			isa = PBXResourcesBuildPhase;
			buildActionMask = 2147483647;
			files = (
				0811A1021A80AE4A007A272B /* Main.storyboard in Resources */,
				0811A1071A80AE4A007A272B /* LaunchScreen.xib in Resources */,
				0811A1041A80AE4A007A272B /* Images.xcassets in Resources */,
			);
			runOnlyForDeploymentPostprocessing = 0;
		};
		0811A10A1A80AE4A007A272B /* Resources */ = {
			isa = PBXResourcesBuildPhase;
			buildActionMask = 2147483647;
			files = (
			);
			runOnlyForDeploymentPostprocessing = 0;
		};
/* End PBXResourcesBuildPhase section */

/* Begin PBXSourcesBuildPhase section */
		0811A0EF1A80AE4A007A272B /* Sources */ = {
			isa = PBXSourcesBuildPhase;
			buildActionMask = 2147483647;
			files = (
				0811A0FF1A80AE4A007A272B /* ViewController.m in Sources */,
				0811A0FC1A80AE4A007A272B /* AppDelegate.m in Sources */,
				0811A0F91A80AE4A007A272B /* main.m in Sources */,
				0811A11F1A80AF19007A272B /* WWDPickerViewWindow.m in Sources */,
				0811A1231A80B808007A272B /* WWDPickerView.m in Sources */,
			);
			runOnlyForDeploymentPostprocessing = 0;
		};
		0811A1081A80AE4A007A272B /* Sources */ = {
			isa = PBXSourcesBuildPhase;
			buildActionMask = 2147483647;
			files = (
				0811A1131A80AE4A007A272B /* WWDPickerViewTests.m in Sources */,
			);
			runOnlyForDeploymentPostprocessing = 0;
		};
/* End PBXSourcesBuildPhase section */

/* Begin PBXTargetDependency section */
		0811A10E1A80AE4A007A272B /* PBXTargetDependency */ = {
			isa = PBXTargetDependency;
			target = 0811A0F21A80AE4A007A272B /* WWDPickerView */;
			targetProxy = 0811A10D1A80AE4A007A272B /* PBXContainerItemProxy */;
		};
/* End PBXTargetDependency section */

/* Begin PBXVariantGroup section */
		0811A1001A80AE4A007A272B /* Main.storyboard */ = {
			isa = PBXVariantGroup;
			children = (
				0811A1011A80AE4A007A272B /* Base */,
			);
			name = Main.storyboard;
			sourceTree = "<group>";
		};
		0811A1051A80AE4A007A272B /* LaunchScreen.xib */ = {
			isa = PBXVariantGroup;
			children = (
				0811A1061A80AE4A007A272B /* Base */,
			);
			name = LaunchScreen.xib;
			sourceTree = "<group>";
		};
/* End PBXVariantGroup section */

/* Begin XCBuildConfiguration section */
		0811A1141A80AE4A007A272B /* Debug */ = {
			isa = XCBuildConfiguration;
			buildSettings = {
				ALWAYS_SEARCH_USER_PATHS = NO;
				CLANG_CXX_LANGUAGE_STANDARD = "gnu++0x";
				CLANG_CXX_LIBRARY = "libc++";
				CLANG_ENABLE_MODULES = YES;
				CLANG_ENABLE_OBJC_ARC = YES;
				CLANG_WARN_BOOL_CONVERSION = YES;
				CLANG_WARN_CONSTANT_CONVERSION = YES;
				CLANG_WARN_DIRECT_OBJC_ISA_USAGE = YES_ERROR;
				CLANG_WARN_EMPTY_BODY = YES;
				CLANG_WARN_ENUM_CONVERSION = YES;
				CLANG_WARN_INT_CONVERSION = YES;
				CLANG_WARN_OBJC_ROOT_CLASS = YES_ERROR;
				CLANG_WARN_UNREACHABLE_CODE = YES;
				CLANG_WARN__DUPLICATE_METHOD_MATCH = YES;
				"CODE_SIGN_IDENTITY[sdk=iphoneos*]" = "iPhone Developer";
				COPY_PHASE_STRIP = NO;
				ENABLE_STRICT_OBJC_MSGSEND = YES;
				GCC_C_LANGUAGE_STANDARD = gnu99;
				GCC_DYNAMIC_NO_PIC = NO;
				GCC_OPTIMIZATION_LEVEL = 0;
				GCC_PREPROCESSOR_DEFINITIONS = (
					"DEBUG=1",
					"$(inherited)",
				);
				GCC_SYMBOLS_PRIVATE_EXTERN = NO;
				GCC_WARN_64_TO_32_BIT_CONVERSION = YES;
				GCC_WARN_ABOUT_RETURN_TYPE = YES_ERROR;
				GCC_WARN_UNDECLARED_SELECTOR = YES;
				GCC_WARN_UNINITIALIZED_AUTOS = YES_AGGRESSIVE;
				GCC_WARN_UNUSED_FUNCTION = YES;
				GCC_WARN_UNUSED_VARIABLE = YES;
				IPHONEOS_DEPLOYMENT_TARGET = 8.1;
				MTL_ENABLE_DEBUG_INFO = YES;
				ONLY_ACTIVE_ARCH = YES;
				SDKROOT = iphoneos;
			};
			name = Debug;
		};
		0811A1151A80AE4A007A272B /* Release */ = {
			isa = XCBuildConfiguration;
			buildSettings = {
				ALWAYS_SEARCH_USER_PATHS = NO;
				CLANG_CXX_LANGUAGE_STANDARD = "gnu++0x";
				CLANG_CXX_LIBRARY = "libc++";
				CLANG_ENABLE_MODULES = YES;
				CLANG_ENABLE_OBJC_ARC = YES;
				CLANG_WARN_BOOL_CONVERSION = YES;
				CLANG_WARN_CONSTANT_CONVERSION = YES;
				CLANG_WARN_DIRECT_OBJC_ISA_USAGE = YES_ERROR;
				CLANG_WARN_EMPTY_BODY = YES;
				CLANG_WARN_ENUM_CONVERSION = YES;
				CLANG_WARN_INT_CONVERSION = YES;
				CLANG_WARN_OBJC_ROOT_CLASS = YES_ERROR;
				CLANG_WARN_UNREACHABLE_CODE = YES;
				CLANG_WARN__DUPLICATE_METHOD_MATCH = YES;
				"CODE_SIGN_IDENTITY[sdk=iphoneos*]" = "iPhone Developer";
				COPY_PHASE_STRIP = YES;
				ENABLE_NS_ASSERTIONS = NO;
				ENABLE_STRICT_OBJC_MSGSEND = YES;
				GCC_C_LANGUAGE_STANDARD = gnu99;
				GCC_WARN_64_TO_32_BIT_CONVERSION = YES;
				GCC_WARN_ABOUT_RETURN_TYPE = YES_ERROR;
				GCC_WARN_UNDECLARED_SELECTOR = YES;
				GCC_WARN_UNINITIALIZED_AUTOS = YES_AGGRESSIVE;
				GCC_WARN_UNUSED_FUNCTION = YES;
				GCC_WARN_UNUSED_VARIABLE = YES;
				IPHONEOS_DEPLOYMENT_TARGET = 8.1;
				MTL_ENABLE_DEBUG_INFO = NO;
				SDKROOT = iphoneos;
				VALIDATE_PRODUCT = YES;
			};
			name = Release;
		};
		0811A1171A80AE4A007A272B /* Debug */ = {
			isa = XCBuildConfiguration;
			buildSettings = {
				ASSETCATALOG_COMPILER_APPICON_NAME = AppIcon;
				INFOPLIST_FILE = WWDPickerView/Info.plist;
				LD_RUNPATH_SEARCH_PATHS = "$(inherited) @executable_path/Frameworks";
				PRODUCT_NAME = "$(TARGET_NAME)";
			};
			name = Debug;
		};
		0811A1181A80AE4A007A272B /* Release */ = {
			isa = XCBuildConfiguration;
			buildSettings = {
				ASSETCATALOG_COMPILER_APPICON_NAME = AppIcon;
				INFOPLIST_FILE = WWDPickerView/Info.plist;
				LD_RUNPATH_SEARCH_PATHS = "$(inherited) @executable_path/Frameworks";
				PRODUCT_NAME = "$(TARGET_NAME)";
			};
			name = Release;
		};
		0811A11A1A80AE4A007A272B /* Debug */ = {
			isa = XCBuildConfiguration;
			buildSettings = {
				BUNDLE_LOADER = "$(TEST_HOST)";
				FRAMEWORK_SEARCH_PATHS = (
					"$(SDKROOT)/Developer/Library/Frameworks",
					"$(inherited)",
				);
				GCC_PREPROCESSOR_DEFINITIONS = (
					"DEBUG=1",
					"$(inherited)",
				);
				INFOPLIST_FILE = WWDPickerViewTests/Info.plist;
				LD_RUNPATH_SEARCH_PATHS = "$(inherited) @executable_path/Frameworks @loader_path/Frameworks";
				PRODUCT_NAME = "$(TARGET_NAME)";
				TEST_HOST = "$(BUILT_PRODUCTS_DIR)/WWDPickerView.app/WWDPickerView";
			};
			name = Debug;
		};
		0811A11B1A80AE4A007A272B /* Release */ = {
			isa = XCBuildConfiguration;
			buildSettings = {
				BUNDLE_LOADER = "$(TEST_HOST)";
				FRAMEWORK_SEARCH_PATHS = (
					"$(SDKROOT)/Developer/Library/Frameworks",
					"$(inherited)",
				);
				INFOPLIST_FILE = WWDPickerViewTests/Info.plist;
				LD_RUNPATH_SEARCH_PATHS = "$(inherited) @executable_path/Frameworks @loader_path/Frameworks";
				PRODUCT_NAME = "$(TARGET_NAME)";
				TEST_HOST = "$(BUILT_PRODUCTS_DIR)/WWDPickerView.app/WWDPickerView";
			};
			name = Release;
		};
/* End XCBuildConfiguration section */

/* Begin XCConfigurationList section */
		0811A0EE1A80AE4A007A272B /* Build configuration list for PBXProject "WWDPickerView" */ = {
			isa = XCConfigurationList;
			buildConfigurations = (
				0811A1141A80AE4A007A272B /* Debug */,
				0811A1151A80AE4A007A272B /* Release */,
			);
			defaultConfigurationIsVisible = 0;
			defaultConfigurationName = Release;
		};
		0811A1161A80AE4A007A272B /* Build configuration list for PBXNativeTarget "WWDPickerView" */ = {
			isa = XCConfigurationList;
			buildConfigurations = (
				0811A1171A80AE4A007A272B /* Debug */,
				0811A1181A80AE4A007A272B /* Release */,
			);
			defaultConfigurationIsVisible = 0;
		};
		0811A1191A80AE4A007A272B /* Build configuration list for PBXNativeTarget "WWDPickerViewTests" */ = {
			isa = XCConfigurationList;
			buildConfigurations = (
				0811A11A1A80AE4A007A272B /* Debug */,
				0811A11B1A80AE4A007A272B /* Release */,
			);
			defaultConfigurationIsVisible = 0;
		};
/* End XCConfigurationList section */
	};
	rootObject = 0811A0EB1A80AE4A007A272B /* Project object */;
}
